Microsoft Visual Studio Solution File, Format Version 12.00
# Visual Studio Version 17
VisualStudioVersion = 17.5.2.0
MinimumVisualStudioVersion = 10.0.40219.1
Project("{FAE04EC0-301F-11D3-BF4B-00C04F79EFBC}") = "StoreFlow", "StoreFlow.csproj", "{323EEE45-AFB0-B73D-F39B-8BB067184D64}"
EndProject
Global
	GlobalSection(SolutionConfigurationPlatforms) = preSolution
		Debug|Any CPU = Debug|Any CPU
		Release|Any CPU = Release|Any CPU
	EndGlobalSection
	GlobalSection(ProjectConfigurationPlatforms) = postSolution
		{323EEE45-AFB0-B73D-F39B-8BB067184D64}.Debug|Any CPU.ActiveCfg = Debug|Any CPU
		{323EEE45-AFB0-B73D-F39B-8BB067184D64}.Debug|Any CPU.Build.0 = Debug|Any CPU
		{323EEE45-AFB0-B73D-F39B-8BB067184D64}.Release|Any CPU.ActiveCfg = Release|Any CPU
		{323EEE45-AFB0-B73D-F39B-8BB067184D64}.Release|Any CPU.Build.0 = Release|Any CPU
	EndGlobalSection
	GlobalSection(SolutionProperties) = preSolution
		HideSolutionNode = FALSE
	EndGlobalSection
	GlobalSection(ExtensibilityGlobals) = postSolution
		SolutionGuid = {4B76FC50-31E0-436A-93EA-9058EE9D27BB}
	EndGlobalSection
EndGlobal
